<?xml version="1.0" encoding="utf-8"?>
<Project ToolsVersion="4.0" xmlns="http://schemas.microsoft.com/developer/msbuild/2003">
  <ItemGroup>
    <ClCompile Include="Sandbox.c" />
  </ItemGroup>
  <ItemGroup>
    <None Include="Configuration\PlatformConfiguration.lua" />
    <None Include="Levels\DefaultLevel.lua" />
    <None Include="Configuration\GameStartupConfiguration.lua" />
  </ItemGroup>
  <ItemGroup>
    <Image Include="Assets\Asteroid.png" />
    <Image Include="Assets\Farback01.png" />
    <Image Include="Assets\Farback02.png" />
    <Image Include="Assets\Ship01.png" />
    <Image Include="Assets\Stars.png" />
    <Image Include="Assets\Ship02.png" />
    <Image Include="Assets\Ship03.png" />
    <Image Include="Assets\Ship04.png" />
    <Image Include="Assets\Enemy01.png" />
    <Image Include="Assets\Enemy02.png" />
    <Image Include="Assets\Enemy03.png" />
    <Image Include="Assets\Enemy04.png" />
    <Image Include="Assets\Enemy05.png" />
    <Image Include="Assets\Enemy06.png" />
    <Image Include="Assets\Laser.png" />
  </ItemGroup>
  <ItemGroup>
    <CopyFileToFolders Include="Shaders\Quad.frag" />
    <CopyFileToFolders Include="Shaders\Quad.vert" />
  </ItemGroup>
</Project>