<?xml version="1.0" encoding="utf-8"?>
<Project ToolsVersion="4.0" xmlns="http://schemas.microsoft.com/developer/msbuild/2003">
  <ItemGroup>
    <ClInclude Include="include\Memory\Allocation\MemoryAllocator.h" />
    <ClInclude Include="include\Memory\Allocation\MemoryAllocationCategory.h" />
    <ClInclude Include="include\Memory\Structures\DynamicArray.h" />
    <ClInclude Include="include\Memory\Structures\Dictionary.h" />
    <ClInclude Include="include\Memory\Reports\MemoryUsageReport.h" />
    <ClInclude Include="include\Memory\Allocation\MemoryAllocationMacros.h" />
    <ClInclude Include="include\ByteForgeMemory.h" />
    <ClInclude Include="include\Memory\Helpers\MemoryStructureHelper.h" />
  </ItemGroup>
  <ItemGroup>
    <ClCompile Include="source\Structures\DynamicArray.c" />
    <ClCompile Include="source\Structures\Dictionary.c" />
    <ClCompile Include="source\Report\MemoryUsageReport.c" />
    <ClCompile Include="source\Allocation\MemoryAllocationCategory.c" />
    <ClCompile Include="source\Allocation\MemoryAllocator.c" />
    <ClCompile Include="source\Helpers\MemoryStructureHelper.c" />
  </ItemGroup>
</Project>